// !$*UTF8*$!
{
	archiveVersion = 1;
	classes = {
	};
	objectVersion = 51;
	objects = {

/* Begin PBXBuildFile section */
		047D6EDDB262BB7C4F469C32 /* Pods_PokemonDataUITests.framework in Frameworks */ = {isa = PBXBuildFile; fileRef = 2D23AD071D8052F6836E8272 /* Pods_PokemonDataUITests.framework */; };
		0B2EA561225B7155006DD7A4 /* AppDelegate.swift in Sources */ = {isa = PBXBuildFile; fileRef = 0B2EA560225B7155006DD7A4 /* AppDelegate.swift */; };
		0B2EA563225B7155006DD7A4 /* ViewController.swift in Sources */ = {isa = PBXBuildFile; fileRef = 0B2EA562225B7155006DD7A4 /* ViewController.swift */; };
		0B2EA56B225B7157006DD7A4 /* Assets.xcassets in Resources */ = {isa = PBXBuildFile; fileRef = 0B2EA56A225B7157006DD7A4 /* Assets.xcassets */; };
		0B2EA56E225B7157006DD7A4 /* LaunchScreen.storyboard in Resources */ = {isa = PBXBuildFile; fileRef = 0B2EA56C225B7157006DD7A4 /* LaunchScreen.storyboard */; };
		0B2EA579225B7157006DD7A4 /* PokemonDataTests.swift in Sources */ = {isa = PBXBuildFile; fileRef = 0B2EA578225B7157006DD7A4 /* PokemonDataTests.swift */; };
		0B2EA584225B7157006DD7A4 /* PokemonDataUITests.swift in Sources */ = {isa = PBXBuildFile; fileRef = 0B2EA583225B7157006DD7A4 /* PokemonDataUITests.swift */; };
		0B2EA595225B7293006DD7A4 /* GenericTableViewController.swift in Sources */ = {isa = PBXBuildFile; fileRef = 0B2EA591225B7292006DD7A4 /* GenericTableViewController.swift */; };
		0B2EA596225B7293006DD7A4 /* UIFont+additions.swift in Sources */ = {isa = PBXBuildFile; fileRef = 0B2EA592225B7292006DD7A4 /* UIFont+additions.swift */; };
		0B2EA597225B7293006DD7A4 /* PokemonPresenter.swift in Sources */ = {isa = PBXBuildFile; fileRef = 0B2EA593225B7292006DD7A4 /* PokemonPresenter.swift */; };
		0B2EA598225B7293006DD7A4 /* PokemonViewController.swift in Sources */ = {isa = PBXBuildFile; fileRef = 0B2EA594225B7293006DD7A4 /* PokemonViewController.swift */; };
		0B2EA59F225B7307006DD7A4 /* PokemonViewModel.swift in Sources */ = {isa = PBXBuildFile; fileRef = 0B2EA59E225B7307006DD7A4 /* PokemonViewModel.swift */; };
		0B2EA5A1225B79D2006DD7A4 /* NetworkLayer.swift in Sources */ = {isa = PBXBuildFile; fileRef = 0B2EA5A0225B79D2006DD7A4 /* NetworkLayer.swift */; };
		0B2EA5A8225B824A006DD7A4 /* PokemonViewController+saveContext.swift in Sources */ = {isa = PBXBuildFile; fileRef = 0B2EA5A7225B824A006DD7A4 /* PokemonViewController+saveContext.swift */; };
		0B2EA5AA225B863D006DD7A4 /* PokemonViewController+fetchData.swift in Sources */ = {isa = PBXBuildFile; fileRef = 0B2EA5A9225B863D006DD7A4 /* PokemonViewController+fetchData.swift */; };
		0B2EA5AC225BEB47006DD7A4 /* TableView.swift in Sources */ = {isa = PBXBuildFile; fileRef = 0B2EA5AB225BEB47006DD7A4 /* TableView.swift */; };
		0BAB06FE225E8F6B00F9AEAC /* Pokemon.swift in Sources */ = {isa = PBXBuildFile; fileRef = 0BAB06FD225E8F6B00F9AEAC /* Pokemon.swift */; };
		5992313C0F679EB2F10A2C95 /* Pods_PokemonData.framework in Frameworks */ = {isa = PBXBuildFile; fileRef = E0CED3A75ABDBE3669692FA6 /* Pods_PokemonData.framework */; };
		F10761FAFD49C3B0A640AD2B /* Pods_PokemonDataTests.framework in Frameworks */ = {isa = PBXBuildFile; fileRef = 279643BE8F187EF8FE002856 /* Pods_PokemonDataTests.framework */; };
/* End PBXBuildFile section */

/* Begin PBXContainerItemProxy section */
		0B2EA575225B7157006DD7A4 /* PBXContainerItemProxy */ = {
			isa = PBXContainerItemProxy;
			containerPortal = 0B2EA555225B7155006DD7A4 /* Project object */;
			proxyType = 1;
			remoteGlobalIDString = 0B2EA55C225B7155006DD7A4;
			remoteInfo = PokemonData;
		};
		0B2EA580225B7157006DD7A4 /* PBXContainerItemProxy */ = {
			isa = PBXContainerItemProxy;
			containerPortal = 0B2EA555225B7155006DD7A4 /* Project object */;
			proxyType = 1;
			remoteGlobalIDString = 0B2EA55C225B7155006DD7A4;
			remoteInfo = PokemonData;
		};
/* End PBXContainerItemProxy section */

/* Begin PBXFileReference section */
		0B2EA55D225B7155006DD7A4 /* PokemonData.app */ = {isa = PBXFileReference; explicitFileType = wrapper.application; includeInIndex = 0; path = PokemonData.app; sourceTree = BUILT_PRODUCTS_DIR; };
		0B2EA560225B7155006DD7A4 /* AppDelegate.swift */ = {isa = PBXFileReference; lastKnownFileType = sourcecode.swift; path = AppDelegate.swift; sourceTree = "<group>"; };
		0B2EA562225B7155006DD7A4 /* ViewController.swift */ = {isa = PBXFileReference; lastKnownFileType = sourcecode.swift; path = ViewController.swift; sourceTree = "<group>"; };
		0B2EA56A225B7157006DD7A4 /* Assets.xcassets */ = {isa = PBXFileReference; lastKnownFileType = folder.assetcatalog; path = Assets.xcassets; sourceTree = "<group>"; };
		0B2EA56D225B7157006DD7A4 /* Base */ = {isa = PBXFileReference; lastKnownFileType = file.storyboard; name = Base; path = Base.lproj/LaunchScreen.storyboard; sourceTree = "<group>"; };
		0B2EA56F225B7157006DD7A4 /* Info.plist */ = {isa = PBXFileReference; lastKnownFileType = text.plist.xml; path = Info.plist; sourceTree = "<group>"; };
		0B2EA574225B7157006DD7A4 /* PokemonDataTests.xctest */ = {isa = PBXFileReference; explicitFileType = wrapper.cfbundle; includeInIndex = 0; path = PokemonDataTests.xctest; sourceTree = BUILT_PRODUCTS_DIR; };
		0B2EA578225B7157006DD7A4 /* PokemonDataTests.swift */ = {isa = PBXFileReference; lastKnownFileType = sourcecode.swift; path = PokemonDataTests.swift; sourceTree = "<group>"; };
		0B2EA57A225B7157006DD7A4 /* Info.plist */ = {isa = PBXFileReference; lastKnownFileType = text.plist.xml; path = Info.plist; sourceTree = "<group>"; };
		0B2EA57F225B7157006DD7A4 /* PokemonDataUITests.xctest */ = {isa = PBXFileReference; explicitFileType = wrapper.cfbundle; includeInIndex = 0; path = PokemonDataUITests.xctest; sourceTree = BUILT_PRODUCTS_DIR; };
		0B2EA583225B7157006DD7A4 /* PokemonDataUITests.swift */ = {isa = PBXFileReference; lastKnownFileType = sourcecode.swift; path = PokemonDataUITests.swift; sourceTree = "<group>"; };
		0B2EA585225B7157006DD7A4 /* Info.plist */ = {isa = PBXFileReference; lastKnownFileType = text.plist.xml; path = Info.plist; sourceTree = "<group>"; };
		0B2EA591225B7292006DD7A4 /* GenericTableViewController.swift */ = {isa = PBXFileReference; fileEncoding = 4; lastKnownFileType = sourcecode.swift; path = GenericTableViewController.swift; sourceTree = "<group>"; };
		0B2EA592225B7292006DD7A4 /* UIFont+additions.swift */ = {isa = PBXFileReference; fileEncoding = 4; lastKnownFileType = sourcecode.swift; path = "UIFont+additions.swift"; sourceTree = "<group>"; };
		0B2EA593225B7292006DD7A4 /* PokemonPresenter.swift */ = {isa = PBXFileReference; fileEncoding = 4; lastKnownFileType = sourcecode.swift; path = PokemonPresenter.swift; sourceTree = "<group>"; };
		0B2EA594225B7293006DD7A4 /* PokemonViewController.swift */ = {isa = PBXFileReference; fileEncoding = 4; lastKnownFileType = sourcecode.swift; path = PokemonViewController.swift; sourceTree = "<group>"; };
		0B2EA59E225B7307006DD7A4 /* PokemonViewModel.swift */ = {isa = PBXFileReference; fileEncoding = 4; lastKnownFileType = sourcecode.swift; path = PokemonViewModel.swift; sourceTree = "<group>"; };
		0B2EA5A0225B79D2006DD7A4 /* NetworkLayer.swift */ = {isa = PBXFileReference; lastKnownFileType = sourcecode.swift; path = NetworkLayer.swift; sourceTree = "<group>"; };
		0B2EA5A7225B824A006DD7A4 /* PokemonViewController+saveContext.swift */ = {isa = PBXFileReference; lastKnownFileType = sourcecode.swift; path = "PokemonViewController+saveContext.swift"; sourceTree = "<group>"; };
		0B2EA5A9225B863D006DD7A4 /* PokemonViewController+fetchData.swift */ = {isa = PBXFileReference; lastKnownFileType = sourcecode.swift; path = "PokemonViewController+fetchData.swift"; sourceTree = "<group>"; };
		0B2EA5AB225BEB47006DD7A4 /* TableView.swift */ = {isa = PBXFileReference; lastKnownFileType = sourcecode.swift; path = TableView.swift; sourceTree = "<group>"; };
		0BAB06FD225E8F6B00F9AEAC /* Pokemon.swift */ = {isa = PBXFileReference; lastKnownFileType = sourcecode.swift; path = Pokemon.swift; sourceTree = "<group>"; };
		279643BE8F187EF8FE002856 /* Pods_PokemonDataTests.framework */ = {isa = PBXFileReference; explicitFileType = wrapper.framework; includeInIndex = 0; path = Pods_PokemonDataTests.framework; sourceTree = BUILT_PRODUCTS_DIR; };
		2D23AD071D8052F6836E8272 /* Pods_PokemonDataUITests.framework */ = {isa = PBXFileReference; explicitFileType = wrapper.framework; includeInIndex = 0; path = Pods_PokemonDataUITests.framework; sourceTree = BUILT_PRODUCTS_DIR; };
		3ED863B8F3CA6B5DCEEA12A7 /* Pods-PokemonData.debug.xcconfig */ = {isa = PBXFileReference; includeInIndex = 1; lastKnownFileType = text.xcconfig; name = "Pods-PokemonData.debug.xcconfig"; path = "Target Support Files/Pods-PokemonData/Pods-PokemonData.debug.xcconfig"; sourceTree = "<group>"; };
		93F8973A2A28E2320AF04B70 /* Pods-PokemonDataUITests.release.xcconfig */ = {isa = PBXFileReference; includeInIndex = 1; lastKnownFileType = text.xcconfig; name = "Pods-PokemonDataUITests.release.xcconfig"; path = "Target Support Files/Pods-PokemonDataUITests/Pods-PokemonDataUITests.release.xcconfig"; sourceTree = "<group>"; };
		99035F5212954BC348FC2BDC /* Pods-PokemonData.release.xcconfig */ = {isa = PBXFileReference; includeInIndex = 1; lastKnownFileType = text.xcconfig; name = "Pods-PokemonData.release.xcconfig"; path = "Target Support Files/Pods-PokemonData/Pods-PokemonData.release.xcconfig"; sourceTree = "<group>"; };
		A5DC35FCF4255C93FE1FCD94 /* Pods-PokemonDataTests.release.xcconfig */ = {isa = PBXFileReference; includeInIndex = 1; lastKnownFileType = text.xcconfig; name = "Pods-PokemonDataTests.release.xcconfig"; path = "Target Support Files/Pods-PokemonDataTests/Pods-PokemonDataTests.release.xcconfig"; sourceTree = "<group>"; };
		CE37F16985669028C5AD28C5 /* Pods-PokemonDataTests.debug.xcconfig */ = {isa = PBXFileReference; includeInIndex = 1; lastKnownFileType = text.xcconfig; name = "Pods-PokemonDataTests.debug.xcconfig"; path = "Target Support Files/Pods-PokemonDataTests/Pods-PokemonDataTests.debug.xcconfig"; sourceTree = "<group>"; };
		D29F78349656FFB60C55BCDA /* Pods-PokemonDataUITests.debug.xcconfig */ = {isa = PBXFileReference; includeInIndex = 1; lastKnownFileType = text.xcconfig; name = "Pods-PokemonDataUITests.debug.xcconfig"; path = "Target Support Files/Pods-PokemonDataUITests/Pods-PokemonDataUITests.debug.xcconfig"; sourceTree = "<group>"; };
		E0CED3A75ABDBE3669692FA6 /* Pods_PokemonData.framework */ = {isa = PBXFileReference; explicitFileType = wrapper.framework; includeInIndex = 0; path = Pods_PokemonData.framework; sourceTree = BUILT_PRODUCTS_DIR; };
/* End PBXFileReference section */

/* Begin PBXFrameworksBuildPhase section */
		0B2EA55A225B7155006DD7A4 /* Frameworks */ = {
			isa = PBXFrameworksBuildPhase;
			buildActionMask = 2147483647;
			files = (
				5992313C0F679EB2F10A2C95 /* Pods_PokemonData.framework in Frameworks */,
			);
			runOnlyForDeploymentPostprocessing = 0;
		};
		0B2EA571225B7157006DD7A4 /* Frameworks */ = {
			isa = PBXFrameworksBuildPhase;
			buildActionMask = 2147483647;
			files = (
				F10761FAFD49C3B0A640AD2B /* Pods_PokemonDataTests.framework in Frameworks */,
			);
			runOnlyForDeploymentPostprocessing = 0;
		};
		0B2EA57C225B7157006DD7A4 /* Frameworks */ = {
			isa = PBXFrameworksBuildPhase;
			buildActionMask = 2147483647;
			files = (
				047D6EDDB262BB7C4F469C32 /* Pods_PokemonDataUITests.framework in Frameworks */,
			);
			runOnlyForDeploymentPostprocessing = 0;
		};
/* End PBXFrameworksBuildPhase section */

/* Begin PBXGroup section */
		0B2EA554225B7155006DD7A4 = {
			isa = PBXGroup;
			children = (
				0B2EA55F225B7155006DD7A4 /* PokemonData */,
				0B2EA577225B7157006DD7A4 /* PokemonDataTests */,
				0B2EA582225B7157006DD7A4 /* PokemonDataUITests */,
				0B2EA55E225B7155006DD7A4 /* Products */,
				A9F0E22C3FA01B466D8B841B /* Pods */,
				B936AAAC0BD8C40FD7DBC4D3 /* Frameworks */,
			);
			sourceTree = "<group>";
		};
		0B2EA55E225B7155006DD7A4 /* Products */ = {
			isa = PBXGroup;
			children = (
				0B2EA55D225B7155006DD7A4 /* PokemonData.app */,
				0B2EA574225B7157006DD7A4 /* PokemonDataTests.xctest */,
				0B2EA57F225B7157006DD7A4 /* PokemonDataUITests.xctest */,
			);
			name = Products;
			sourceTree = "<group>";
		};
		0B2EA55F225B7155006DD7A4 /* PokemonData */ = {
			isa = PBXGroup;
			children = (
				0B2EA5A6225B7B0B006DD7A4 /* Utils */,
				0B2EA5A5225B7AFB006DD7A4 /* Data */,
				0B2EA5A2225B7ABC006DD7A4 /* Model */,
				0B2EA5A3225B7AC8006DD7A4 /* View */,
				0B2EA5A4225B7AD8006DD7A4 /* Presentation */,
				0B2EA560225B7155006DD7A4 /* AppDelegate.swift */,
				0B2EA562225B7155006DD7A4 /* ViewController.swift */,
				0B2EA56F225B7157006DD7A4 /* Info.plist */,
			);
			path = PokemonData;
			sourceTree = "<group>";
		};
		0B2EA577225B7157006DD7A4 /* PokemonDataTests */ = {
			isa = PBXGroup;
			children = (
				0B2EA578225B7157006DD7A4 /* PokemonDataTests.swift */,
				0B2EA57A225B7157006DD7A4 /* Info.plist */,
			);
			path = PokemonDataTests;
			sourceTree = "<group>";
		};
		0B2EA582225B7157006DD7A4 /* PokemonDataUITests */ = {
			isa = PBXGroup;
			children = (
				0B2EA583225B7157006DD7A4 /* PokemonDataUITests.swift */,
				0B2EA585225B7157006DD7A4 /* Info.plist */,
			);
			path = PokemonDataUITests;
			sourceTree = "<group>";
		};
		0B2EA5A2225B7ABC006DD7A4 /* Model */ = {
			isa = PBXGroup;
			children = (
				0B2EA59E225B7307006DD7A4 /* PokemonViewModel.swift */,
				0BAB06FD225E8F6B00F9AEAC /* Pokemon.swift */,
			);
			path = Model;
			sourceTree = "<group>";
		};
		0B2EA5A3225B7AC8006DD7A4 /* View */ = {
			isa = PBXGroup;
			children = (
				0B2EA56C225B7157006DD7A4 /* LaunchScreen.storyboard */,
				0B2EA56A225B7157006DD7A4 /* Assets.xcassets */,
			);
			path = View;
			sourceTree = "<group>";
		};
		0B2EA5A4225B7AD8006DD7A4 /* Presentation */ = {
			isa = PBXGroup;
			children = (
				0B2EA591225B7292006DD7A4 /* GenericTableViewController.swift */,
				0B2EA593225B7292006DD7A4 /* PokemonPresenter.swift */,
				0B2EA594225B7293006DD7A4 /* PokemonViewController.swift */,
				0B2EA5A7225B824A006DD7A4 /* PokemonViewController+saveContext.swift */,
				0B2EA5A9225B863D006DD7A4 /* PokemonViewController+fetchData.swift */,
			);
			path = Presentation;
			sourceTree = "<group>";
		};
		0B2EA5A5225B7AFB006DD7A4 /* Data */ = {
			isa = PBXGroup;
			children = (
				0B2EA5A0225B79D2006DD7A4 /* NetworkLayer.swift */,
			);
			path = Data;
			sourceTree = "<group>";
		};
		0B2EA5A6225B7B0B006DD7A4 /* Utils */ = {
			isa = PBXGroup;
			children = (
				0B2EA592225B7292006DD7A4 /* UIFont+additions.swift */,
				0B2EA5AB225BEB47006DD7A4 /* TableView.swift */,
			);
			path = Utils;
			sourceTree = "<group>";
		};
		A9F0E22C3FA01B466D8B841B /* Pods */ = {
			isa = PBXGroup;
			children = (
				3ED863B8F3CA6B5DCEEA12A7 /* Pods-PokemonData.debug.xcconfig */,
				99035F5212954BC348FC2BDC /* Pods-PokemonData.release.xcconfig */,
				CE37F16985669028C5AD28C5 /* Pods-PokemonDataTests.debug.xcconfig */,
				A5DC35FCF4255C93FE1FCD94 /* Pods-PokemonDataTests.release.xcconfig */,
				D29F78349656FFB60C55BCDA /* Pods-PokemonDataUITests.debug.xcconfig */,
				93F8973A2A28E2320AF04B70 /* Pods-PokemonDataUITests.release.xcconfig */,
			);
			path = Pods;
			sourceTree = "<group>";
		};
		B936AAAC0BD8C40FD7DBC4D3 /* Frameworks */ = {
			isa = PBXGroup;
			children = (
				E0CED3A75ABDBE3669692FA6 /* Pods_PokemonData.framework */,
				279643BE8F187EF8FE002856 /* Pods_PokemonDataTests.framework */,
				2D23AD071D8052F6836E8272 /* Pods_PokemonDataUITests.framework */,
			);
			name = Frameworks;
			sourceTree = "<group>";
		};
/* End PBXGroup section */

/* Begin PBXNativeTarget section */
		0B2EA55C225B7155006DD7A4 /* PokemonData */ = {
			isa = PBXNativeTarget;
			buildConfigurationList = 0B2EA588225B7157006DD7A4 /* Build configuration list for PBXNativeTarget "PokemonData" */;
			buildPhases = (
				7444B6EEFB59047A6BA7D490 /* [CP] Check Pods Manifest.lock */,
				0B2EA559225B7155006DD7A4 /* Sources */,
				0B2EA55A225B7155006DD7A4 /* Frameworks */,
				0B2EA55B225B7155006DD7A4 /* Resources */,
				B4BF6D84496D4B61E6ACC1C8 /* [CP] Embed Pods Frameworks */,
			);
			buildRules = (
			);
			dependencies = (
			);
			name = PokemonData;
			productName = PokemonData;
			productReference = 0B2EA55D225B7155006DD7A4 /* PokemonData.app */;
			productType = "com.apple.product-type.application";
		};
		0B2EA573225B7157006DD7A4 /* PokemonDataTests */ = {
			isa = PBXNativeTarget;
			buildConfigurationList = 0B2EA58B225B7157006DD7A4 /* Build configuration list for PBXNativeTarget "PokemonDataTests" */;
			buildPhases = (
				0B5560ECAC72FD0538F2011A /* [CP] Check Pods Manifest.lock */,
				0B2EA570225B7157006DD7A4 /* Sources */,
				0B2EA571225B7157006DD7A4 /* Frameworks */,
				0B2EA572225B7157006DD7A4 /* Resources */,
			);
			buildRules = (
			);
			dependencies = (
				0B2EA576225B7157006DD7A4 /* PBXTargetDependency */,
			);
			name = PokemonDataTests;
			productName = PokemonDataTests;
			productReference = 0B2EA574225B7157006DD7A4 /* PokemonDataTests.xctest */;
			productType = "com.apple.product-type.bundle.unit-test";
		};
		0B2EA57E225B7157006DD7A4 /* PokemonDataUITests */ = {
			isa = PBXNativeTarget;
			buildConfigurationList = 0B2EA58E225B7157006DD7A4 /* Build configuration list for PBXNativeTarget "PokemonDataUITests" */;
			buildPhases = (
				7EBC56EE9F9EF3033BCA3E55 /* [CP] Check Pods Manifest.lock */,
				0B2EA57B225B7157006DD7A4 /* Sources */,
				0B2EA57C225B7157006DD7A4 /* Frameworks */,
				0B2EA57D225B7157006DD7A4 /* Resources */,
			);
			buildRules = (
			);
			dependencies = (
				0B2EA581225B7157006DD7A4 /* PBXTargetDependency */,
			);
			name = PokemonDataUITests;
			productName = PokemonDataUITests;
			productReference = 0B2EA57F225B7157006DD7A4 /* PokemonDataUITests.xctest */;
			productType = "com.apple.product-type.bundle.ui-testing";
		};
/* End PBXNativeTarget section */

/* Begin PBXProject section */
		0B2EA555225B7155006DD7A4 /* Project object */ = {
			isa = PBXProject;
			attributes = {
				LastSwiftUpdateCheck = 1020;
				LastUpgradeCheck = 1020;
				ORGANIZATIONNAME = "Angel Avila";
				TargetAttributes = {
					0B2EA55C225B7155006DD7A4 = {
						CreatedOnToolsVersion = 10.2;
					};
					0B2EA573225B7157006DD7A4 = {
						CreatedOnToolsVersion = 10.2;
						TestTargetID = 0B2EA55C225B7155006DD7A4;
					};
					0B2EA57E225B7157006DD7A4 = {
						CreatedOnToolsVersion = 10.2;
						TestTargetID = 0B2EA55C225B7155006DD7A4;
					};
				};
			};
			buildConfigurationList = 0B2EA558225B7155006DD7A4 /* Build configuration list for PBXProject "PokemonData" */;
			compatibilityVersion = "Xcode 9.3";
			developmentRegion = en;
			hasScannedForEncodings = 0;
			knownRegions = (
				en,
				Base,
			);
			mainGroup = 0B2EA554225B7155006DD7A4;
			productRefGroup = 0B2EA55E225B7155006DD7A4 /* Products */;
			projectDirPath = "";
			projectRoot = "";
			targets = (
				0B2EA55C225B7155006DD7A4 /* PokemonData */,
				0B2EA573225B7157006DD7A4 /* PokemonDataTests */,
				0B2EA57E225B7157006DD7A4 /* PokemonDataUITests */,
			);
		};
/* End PBXProject section */

/* Begin PBXResourcesBuildPhase section */
		0B2EA55B225B7155006DD7A4 /* Resources */ = {
			isa = PBXResourcesBuildPhase;
			buildActionMask = 2147483647;
			files = (
				0B2EA56E225B7157006DD7A4 /* LaunchScreen.storyboard in Resources */,
				0B2EA56B225B7157006DD7A4 /* Assets.xcassets in Resources */,
			);
			runOnlyForDeploymentPostprocessing = 0;
		};
		0B2EA572225B7157006DD7A4 /* Resources */ = {
			isa = PBXResourcesBuildPhase;
			buildActionMask = 2147483647;
			files = (
			);
			runOnlyForDeploymentPostprocessing = 0;
		};
		0B2EA57D225B7157006DD7A4 /* Resources */ = {
			isa = PBXResourcesBuildPhase;
			buildActionMask = 2147483647;
			files = (
			);
			runOnlyForDeploymentPostprocessing = 0;
		};
/* End PBXResourcesBuildPhase section */

/* Begin PBXShellScriptBuildPhase section */
		0B5560ECAC72FD0538F2011A /* [CP] Check Pods Manifest.lock */ = {
			isa = PBXShellScriptBuildPhase;
			buildActionMask = 2147483647;
			files = (
			);
			inputFileListPaths = (
			);
			inputPaths = (
				"${PODS_PODFILE_DIR_PATH}/Podfile.lock",
				"${PODS_ROOT}/Manifest.lock",
			);
			name = "[CP] Check Pods Manifest.lock";
			outputFileListPaths = (
			);
			outputPaths = (
				"$(DERIVED_FILE_DIR)/Pods-PokemonDataTests-checkManifestLockResult.txt",
			);
			runOnlyForDeploymentPostprocessing = 0;
			shellPath = /bin/sh;
			shellScript = "diff \"${PODS_PODFILE_DIR_PATH}/Podfile.lock\" \"${PODS_ROOT}/Manifest.lock\" > /dev/null\nif [ $? != 0 ] ; then\n    # print error to STDERR\n    echo \"error: The sandbox is not in sync with the Podfile.lock. Run 'pod install' or update your CocoaPods installation.\" >&2\n    exit 1\nfi\n# This output is used by Xcode 'outputs' to avoid re-running this script phase.\necho \"SUCCESS\" > \"${SCRIPT_OUTPUT_FILE_0}\"\n";
			showEnvVarsInLog = 0;
		};
		7444B6EEFB59047A6BA7D490 /* [CP] Check Pods Manifest.lock */ = {
			isa = PBXShellScriptBuildPhase;
			buildActionMask = 2147483647;
			files = (
			);
			inputFileListPaths = (
			);
			inputPaths = (
				"${PODS_PODFILE_DIR_PATH}/Podfile.lock",
				"${PODS_ROOT}/Manifest.lock",
			);
			name = "[CP] Check Pods Manifest.lock";
			outputFileListPaths = (
			);
			outputPaths = (
				"$(DERIVED_FILE_DIR)/Pods-PokemonData-checkManifestLockResult.txt",
			);
			runOnlyForDeploymentPostprocessing = 0;
			shellPath = /bin/sh;
			shellScript = "diff \"${PODS_PODFILE_DIR_PATH}/Podfile.lock\" \"${PODS_ROOT}/Manifest.lock\" > /dev/null\nif [ $? != 0 ] ; then\n    # print error to STDERR\n    echo \"error: The sandbox is not in sync with the Podfile.lock. Run 'pod install' or update your CocoaPods installation.\" >&2\n    exit 1\nfi\n# This output is used by Xcode 'outputs' to avoid re-running this script phase.\necho \"SUCCESS\" > \"${SCRIPT_OUTPUT_FILE_0}\"\n";
			showEnvVarsInLog = 0;
		};
		7EBC56EE9F9EF3033BCA3E55 /* [CP] Check Pods Manifest.lock */ = {
			isa = PBXShellScriptBuildPhase;
			buildActionMask = 2147483647;
			files = (
			);
			inputFileListPaths = (
			);
			inputPaths = (
				"${PODS_PODFILE_DIR_PATH}/Podfile.lock",
				"${PODS_ROOT}/Manifest.lock",
			);
			name = "[CP] Check Pods Manifest.lock";
			outputFileListPaths = (
			);
			outputPaths = (
				"$(DERIVED_FILE_DIR)/Pods-PokemonDataUITests-checkManifestLockResult.txt",
			);
			runOnlyForDeploymentPostprocessing = 0;
			shellPath = /bin/sh;
			shellScript = "diff \"${PODS_PODFILE_DIR_PATH}/Podfile.lock\" \"${PODS_ROOT}/Manifest.lock\" > /dev/null\nif [ $? != 0 ] ; then\n    # print error to STDERR\n    echo \"error: The sandbox is not in sync with the Podfile.lock. Run 'pod install' or update your CocoaPods installation.\" >&2\n    exit 1\nfi\n# This output is used by Xcode 'outputs' to avoid re-running this script phase.\necho \"SUCCESS\" > \"${SCRIPT_OUTPUT_FILE_0}\"\n";
			showEnvVarsInLog = 0;
		};
		B4BF6D84496D4B61E6ACC1C8 /* [CP] Embed Pods Frameworks */ = {
			isa = PBXShellScriptBuildPhase;
			buildActionMask = 2147483647;
			files = (
			);
			inputFileListPaths = (
				"${PODS_ROOT}/Target Support Files/Pods-PokemonData/Pods-PokemonData-frameworks-${CONFIGURATION}-input-files.xcfilelist",
			);
			name = "[CP] Embed Pods Frameworks";
			outputFileListPaths = (
				"${PODS_ROOT}/Target Support Files/Pods-PokemonData/Pods-PokemonData-frameworks-${CONFIGURATION}-output-files.xcfilelist",
			);
			runOnlyForDeploymentPostprocessing = 0;
			shellPath = /bin/sh;
			shellScript = "\"${PODS_ROOT}/Target Support Files/Pods-PokemonData/Pods-PokemonData-frameworks.sh\"\n";
			showEnvVarsInLog = 0;
		};
/* End PBXShellScriptBuildPhase section */

/* Begin PBXSourcesBuildPhase section */
		0B2EA559225B7155006DD7A4 /* Sources */ = {
			isa = PBXSourcesBuildPhase;
			buildActionMask = 2147483647;
			files = (
				0B2EA5A1225B79D2006DD7A4 /* NetworkLayer.swift in Sources */,
				0B2EA5AC225BEB47006DD7A4 /* TableView.swift in Sources */,
				0B2EA59F225B7307006DD7A4 /* PokemonViewModel.swift in Sources */,
				0B2EA563225B7155006DD7A4 /* ViewController.swift in Sources */,
				0B2EA5AA225B863D006DD7A4 /* PokemonViewController+fetchData.swift in Sources */,
				0BAB06FE225E8F6B00F9AEAC /* Pokemon.swift in Sources */,
				0B2EA597225B7293006DD7A4 /* PokemonPresenter.swift in Sources */,
				0B2EA598225B7293006DD7A4 /* PokemonViewController.swift in Sources */,
				0B2EA595225B7293006DD7A4 /* GenericTableViewController.swift in Sources */,
				0B2EA5A8225B824A006DD7A4 /* PokemonViewController+saveContext.swift in Sources */,
				0B2EA596225B7293006DD7A4 /* UIFont+additions.swift in Sources */,
				0B2EA561225B7155006DD7A4 /* AppDelegate.swift in Sources */,
			);
			runOnlyForDeploymentPostprocessing = 0;
		};
		0B2EA570225B7157006DD7A4 /* Sources */ = {
			isa = PBXSourcesBuildPhase;
			buildActionMask = 2147483647;
			files = (
				0B2EA579225B7157006DD7A4 /* PokemonDataTests.swift in Sources */,
			);
			runOnlyForDeploymentPostprocessing = 0;
		};
		0B2EA57B225B7157006DD7A4 /* Sources */ = {
			isa = PBXSourcesBuildPhase;
			buildActionMask = 2147483647;
			files = (
				0B2EA584225B7157006DD7A4 /* PokemonDataUITests.swift in Sources */,
			);
			runOnlyForDeploymentPostprocessing = 0;
		};
/* End PBXSourcesBuildPhase section */

/* Begin PBXTargetDependency section */
		0B2EA576225B7157006DD7A4 /* PBXTargetDependency */ = {
			isa = PBXTargetDependency;
			target = 0B2EA55C225B7155006DD7A4 /* PokemonData */;
			targetProxy = 0B2EA575225B7157006DD7A4 /* PBXContainerItemProxy */;
		};
		0B2EA581225B7157006DD7A4 /* PBXTargetDependency */ = {
			isa = PBXTargetDependency;
			target = 0B2EA55C225B7155006DD7A4 /* PokemonData */;
			targetProxy = 0B2EA580225B7157006DD7A4 /* PBXContainerItemProxy */;
		};
/* End PBXTargetDependency section */

/* Begin PBXVariantGroup section */
		0B2EA56C225B7157006DD7A4 /* LaunchScreen.storyboard */ = {
			isa = PBXVariantGroup;
			children = (
				0B2EA56D225B7157006DD7A4 /* Base */,
			);
			name = LaunchScreen.storyboard;
			sourceTree = "<group>";
		};
/* End PBXVariantGroup section */

/* Begin XCBuildConfiguration section */
		0B2EA586225B7157006DD7A4 /* Debug */ = {
			isa = XCBuildConfiguration;
			buildSettings = {
				ALWAYS_SEARCH_USER_PATHS = NO;
				CLANG_ANALYZER_NONNULL = YES;
				CLANG_ANALYZER_NUMBER_OBJECT_CONVERSION = YES_AGGRESSIVE;
				CLANG_CXX_LANGUAGE_STANDARD = "gnu++14";
				CLANG_CXX_LIBRARY = "libc++";
				CLANG_ENABLE_MODULES = YES;
				CLANG_ENABLE_OBJC_ARC = YES;
				CLANG_ENABLE_OBJC_WEAK = YES;
				CLANG_WARN_BLOCK_CAPTURE_AUTORELEASING = YES;
				CLANG_WARN_BOOL_CONVERSION = YES;
				CLANG_WARN_COMMA = YES;
				CLANG_WARN_CONSTANT_CONVERSION = YES;
				CLANG_WARN_DEPRECATED_OBJC_IMPLEMENTATIONS = YES;
				CLANG_WARN_DIRECT_OBJC_ISA_USAGE = YES_ERROR;
				CLANG_WARN_DOCUMENTATION_COMMENTS = YES;
				CLANG_WARN_EMPTY_BODY = YES;
				CLANG_WARN_ENUM_CONVERSION = YES;
				CLANG_WARN_INFINITE_RECURSION = YES;
				CLANG_WARN_INT_CONVERSION = YES;
				CLANG_WARN_NON_LITERAL_NULL_CONVERSION = YES;
				CLANG_WARN_OBJC_IMPLICIT_RETAIN_SELF = YES;
				CLANG_WARN_OBJC_LITERAL_CONVERSION = YES;
				CLANG_WARN_OBJC_ROOT_CLASS = YES_ERROR;
				CLANG_WARN_RANGE_LOOP_ANALYSIS = YES;
				CLANG_WARN_STRICT_PROTOTYPES = YES;
				CLANG_WARN_SUSPICIOUS_MOVE = YES;
				CLANG_WARN_UNGUARDED_AVAILABILITY = YES_AGGRESSIVE;
				CLANG_WARN_UNREACHABLE_CODE = YES;
				CLANG_WARN__DUPLICATE_METHOD_MATCH = YES;
				CODE_SIGN_IDENTITY = "iPhone Developer";
				COPY_PHASE_STRIP = NO;
				DEBUG_INFORMATION_FORMAT = dwarf;
				ENABLE_STRICT_OBJC_MSGSEND = YES;
				ENABLE_TESTABILITY = YES;
				GCC_C_LANGUAGE_STANDARD = gnu11;
				GCC_DYNAMIC_NO_PIC = NO;
				GCC_NO_COMMON_BLOCKS = YES;
				GCC_OPTIMIZATION_LEVEL = 0;
				GCC_PREPROCESSOR_DEFINITIONS = (
					"DEBUG=1",
					"$(inherited)",
				);
				GCC_WARN_64_TO_32_BIT_CONVERSION = YES;
				GCC_WARN_ABOUT_RETURN_TYPE = YES_ERROR;
				GCC_WARN_UNDECLARED_SELECTOR = YES;
				GCC_WARN_UNINITIALIZED_AUTOS = YES_AGGRESSIVE;
				GCC_WARN_UNUSED_FUNCTION = YES;
				GCC_WARN_UNUSED_VARIABLE = YES;
				IPHONEOS_DEPLOYMENT_TARGET = 12.2;
				MTL_ENABLE_DEBUG_INFO = INCLUDE_SOURCE;
				MTL_FAST_MATH = YES;
				ONLY_ACTIVE_ARCH = YES;
				SDKROOT = iphoneos;
				SWIFT_ACTIVE_COMPILATION_CONDITIONS = DEBUG;
				SWIFT_OPTIMIZATION_LEVEL = "-Onone";
			};
			name = Debug;
		};
		0B2EA587225B7157006DD7A4 /* Release */ = {
			isa = XCBuildConfiguration;
			buildSettings = {
				ALWAYS_SEARCH_USER_PATHS = NO;
				CLANG_ANALYZER_NONNULL = YES;
				CLANG_ANALYZER_NUMBER_OBJECT_CONVERSION = YES_AGGRESSIVE;
				CLANG_CXX_LANGUAGE_STANDARD = "gnu++14";
				CLANG_CXX_LIBRARY = "libc++";
				CLANG_ENABLE_MODULES = YES;
				CLANG_ENABLE_OBJC_ARC = YES;
				CLANG_ENABLE_OBJC_WEAK = YES;
				CLANG_WARN_BLOCK_CAPTURE_AUTORELEASING = YES;
				CLANG_WARN_BOOL_CONVERSION = YES;
				CLANG_WARN_COMMA = YES;
				CLANG_WARN_CONSTANT_CONVERSION = YES;
				CLANG_WARN_DEPRECATED_OBJC_IMPLEMENTATIONS = YES;
				CLANG_WARN_DIRECT_OBJC_ISA_USAGE = YES_ERROR;
				CLANG_WARN_DOCUMENTATION_COMMENTS = YES;
				CLANG_WARN_EMPTY_BODY = YES;
				CLANG_WARN_ENUM_CONVERSION = YES;
				CLANG_WARN_INFINITE_RECURSION = YES;
				CLANG_WARN_INT_CONVERSION = YES;
				CLANG_WARN_NON_LITERAL_NULL_CONVERSION = YES;
				CLANG_WARN_OBJC_IMPLICIT_RETAIN_SELF = YES;
				CLANG_WARN_OBJC_LITERAL_CONVERSION = YES;
				CLANG_WARN_OBJC_ROOT_CLASS = YES_ERROR;
				CLANG_WARN_RANGE_LOOP_ANALYSIS = YES;
				CLANG_WARN_STRICT_PROTOTYPES = YES;
				CLANG_WARN_SUSPICIOUS_MOVE = YES;
				CLANG_WARN_UNGUARDED_AVAILABILITY = YES_AGGRESSIVE;
				CLANG_WARN_UNREACHABLE_CODE = YES;
				CLANG_WARN__DUPLICATE_METHOD_MATCH = YES;
				CODE_SIGN_IDENTITY = "iPhone Developer";
				COPY_PHASE_STRIP = NO;
				DEBUG_INFORMATION_FORMAT = "dwarf-with-dsym";
				ENABLE_NS_ASSERTIONS = NO;
				ENABLE_STRICT_OBJC_MSGSEND = YES;
				GCC_C_LANGUAGE_STANDARD = gnu11;
				GCC_NO_COMMON_BLOCKS = YES;
				GCC_WARN_64_TO_32_BIT_CONVERSION = YES;
				GCC_WARN_ABOUT_RETURN_TYPE = YES_ERROR;
				GCC_WARN_UNDECLARED_SELECTOR = YES;
				GCC_WARN_UNINITIALIZED_AUTOS = YES_AGGRESSIVE;
				GCC_WARN_UNUSED_FUNCTION = YES;
				GCC_WARN_UNUSED_VARIABLE = YES;
				IPHONEOS_DEPLOYMENT_TARGET = 12.2;
				MTL_ENABLE_DEBUG_INFO = NO;
				MTL_FAST_MATH = YES;
				SDKROOT = iphoneos;
				SWIFT_COMPILATION_MODE = wholemodule;
				SWIFT_OPTIMIZATION_LEVEL = "-O";
				VALIDATE_PRODUCT = YES;
			};
			name = Release;
		};
		0B2EA589225B7157006DD7A4 /* Debug */ = {
			isa = XCBuildConfiguration;
			baseConfigurationReference = 3ED863B8F3CA6B5DCEEA12A7 /* Pods-PokemonData.debug.xcconfig */;
			buildSettings = {
				ASSETCATALOG_COMPILER_APPICON_NAME = AppIcon;
				CODE_SIGN_STYLE = Automatic;
				DEVELOPMENT_TEAM = PX5B7972N5;
				INFOPLIST_FILE = PokemonData/Info.plist;
				IPHONEOS_DEPLOYMENT_TARGET = 12.1;
				LD_RUNPATH_SEARCH_PATHS = (
					"$(inherited)",
					"@executable_path/Frameworks",
				);
				PRODUCT_BUNDLE_IDENTIFIER = "com.Angel-Avila.PokemonData";
				PRODUCT_NAME = "$(TARGET_NAME)";
				SWIFT_VERSION = 5.0;
				TARGETED_DEVICE_FAMILY = 1;
			};
			name = Debug;
		};
		0B2EA58A225B7157006DD7A4 /* Release */ = {
			isa = XCBuildConfiguration;
			baseConfigurationReference = 99035F5212954BC348FC2BDC /* Pods-PokemonData.release.xcconfig */;
			buildSettings = {
				ASSETCATALOG_COMPILER_APPICON_NAME = AppIcon;
				CODE_SIGN_STYLE = Automatic;
				DEVELOPMENT_TEAM = PX5B7972N5;
				INFOPLIST_FILE = PokemonData/Info.plist;
				IPHONEOS_DEPLOYMENT_TARGET = 12.1;
				LD_RUNPATH_SEARCH_PATHS = (
					"$(inherited)",
					"@executable_path/Frameworks",
				);
				PRODUCT_BUNDLE_IDENTIFIER = "com.Angel-Avila.PokemonData";
				PRODUCT_NAME = "$(TARGET_NAME)";
				SWIFT_VERSION = 5.0;
				TARGETED_DEVICE_FAMILY = 1;
			};
			name = Release;
		};
		0B2EA58C225B7157006DD7A4 /* Debug */ = {
			isa = XCBuildConfiguration;
			baseConfigurationReference = CE37F16985669028C5AD28C5 /* Pods-PokemonDataTests.debug.xcconfig */;
			buildSettings = {
				ALWAYS_EMBED_SWIFT_STANDARD_LIBRARIES = YES;
				BUNDLE_LOADER = "$(TEST_HOST)";
				CODE_SIGN_STYLE = Automatic;
				DEVELOPMENT_TEAM = PX5B7972N5;
				INFOPLIST_FILE = PokemonDataTests/Info.plist;
				LD_RUNPATH_SEARCH_PATHS = (
					"$(inherited)",
					"@executable_path/Frameworks",
					"@loader_path/Frameworks",
				);
				PRODUCT_BUNDLE_IDENTIFIER = "com.Angel-Avila.PokemonDataTests";
				PRODUCT_NAME = "$(TARGET_NAME)";
				SWIFT_VERSION = 5.0;
				TARGETED_DEVICE_FAMILY = "1,2";
				TEST_HOST = "$(BUILT_PRODUCTS_DIR)/PokemonData.app/PokemonData";
			};
			name = Debug;
		};
		0B2EA58D225B7157006DD7A4 /* Release */ = {
			isa = XCBuildConfiguration;
			baseConfigurationReference = A5DC35FCF4255C93FE1FCD94 /* Pods-PokemonDataTests.release.xcconfig */;
			buildSettings = {
				ALWAYS_EMBED_SWIFT_STANDARD_LIBRARIES = YES;
				BUNDLE_LOADER = "$(TEST_HOST)";
				CODE_SIGN_STYLE = Automatic;
				DEVELOPMENT_TEAM = PX5B7972N5;
				INFOPLIST_FILE = PokemonDataTests/Info.plist;
				LD_RUNPATH_SEARCH_PATHS = (
					"$(inherited)",
					"@executable_path/Frameworks",
					"@loader_path/Frameworks",
				);
				PRODUCT_BUNDLE_IDENTIFIER = "com.Angel-Avila.PokemonDataTests";
				PRODUCT_NAME = "$(TARGET_NAME)";
				SWIFT_VERSION = 5.0;
				TARGETED_DEVICE_FAMILY = "1,2";
				TEST_HOST = "$(BUILT_PRODUCTS_DIR)/PokemonData.app/PokemonData";
			};
			name = Release;
		};
		0B2EA58F225B7157006DD7A4 /* Debug */ = {
			isa = XCBuildConfiguration;
			baseConfigurationReference = D29F78349656FFB60C55BCDA /* Pods-PokemonDataUITests.debug.xcconfig */;
			buildSettings = {
				ALWAYS_EMBED_SWIFT_STANDARD_LIBRARIES = YES;
				CODE_SIGN_STYLE = Automatic;
				DEVELOPMENT_TEAM = PX5B7972N5;
				INFOPLIST_FILE = PokemonDataUITests/Info.plist;
				LD_RUNPATH_SEARCH_PATHS = (
					"$(inherited)",
					"@executable_path/Frameworks",
					"@loader_path/Frameworks",
				);
				PRODUCT_BUNDLE_IDENTIFIER = "com.Angel-Avila.PokemonDataUITests";
				PRODUCT_NAME = "$(TARGET_NAME)";
				SWIFT_VERSION = 5.0;
				TARGETED_DEVICE_FAMILY = "1,2";
				TEST_TARGET_NAME = PokemonData;
			};
			name = Debug;
		};
		0B2EA590225B7157006DD7A4 /* Release */ = {
			isa = XCBuildConfiguration;
			baseConfigurationReference = 93F8973A2A28E2320AF04B70 /* Pods-PokemonDataUITests.release.xcconfig */;
			buildSettings = {
				ALWAYS_EMBED_SWIFT_STANDARD_LIBRARIES = YES;
				CODE_SIGN_STYLE = Automatic;
				DEVELOPMENT_TEAM = PX5B7972N5;
				INFOPLIST_FILE = PokemonDataUITests/Info.plist;
				LD_RUNPATH_SEARCH_PATHS = (
					"$(inherited)",
					"@executable_path/Frameworks",
					"@loader_path/Frameworks",
				);
				PRODUCT_BUNDLE_IDENTIFIER = "com.Angel-Avila.PokemonDataUITests";
				PRODUCT_NAME = "$(TARGET_NAME)";
				SWIFT_VERSION = 5.0;
				TARGETED_DEVICE_FAMILY = "1,2";
				TEST_TARGET_NAME = PokemonData;
			};
			name = Release;
		};
/* End XCBuildConfiguration section */

/* Begin XCConfigurationList section */
		0B2EA558225B7155006DD7A4 /* Build configuration list for PBXProject "PokemonData" */ = {
			isa = XCConfigurationList;
			buildConfigurations = (
				0B2EA586225B7157006DD7A4 /* Debug */,
				0B2EA587225B7157006DD7A4 /* Release */,
			);
			defaultConfigurationIsVisible = 0;
			defaultConfigurationName = Release;
		};
		0B2EA588225B7157006DD7A4 /* Build configuration list for PBXNativeTarget "PokemonData" */ = {
			isa = XCConfigurationList;
			buildConfigurations = (
				0B2EA589225B7157006DD7A4 /* Debug */,
				0B2EA58A225B7157006DD7A4 /* Release */,
			);
			defaultConfigurationIsVisible = 0;
			defaultConfigurationName = Release;
		};
		0B2EA58B225B7157006DD7A4 /* Build configuration list for PBXNativeTarget "PokemonDataTests" */ = {
			isa = XCConfigurationList;
			buildConfigurations = (
				0B2EA58C225B7157006DD7A4 /* Debug */,
				0B2EA58D225B7157006DD7A4 /* Release */,
			);
			defaultConfigurationIsVisible = 0;
			defaultConfigurationName = Release;
		};
		0B2EA58E225B7157006DD7A4 /* Build configuration list for PBXNativeTarget "PokemonDataUITests" */ = {
			isa = XCConfigurationList;
			buildConfigurations = (
				0B2EA58F225B7157006DD7A4 /* Debug */,
				0B2EA590225B7157006DD7A4 /* Release */,
			);
			defaultConfigurationIsVisible = 0;
			defaultConfigurationName = Release;
		};
/* End XCConfigurationList section */
	};
	rootObject = 0B2EA555225B7155006DD7A4 /* Project object */;
}
